
Microsoft Visual Studio Solution File, Format Version 12.00
# Visual Studio Version 17
VisualStudioVersion = 17.9.34607.119
MinimumVisualStudioVersion = 10.0.40219.1
Project("{9A19103F-16F7-4668-BE54-9A1E7A4F7556}") = "01_server", "01_server\01_server.csproj", "{B9FACD79-714E-49E6-B4CD-0CBAB76BC856}"
EndProject
Project("{9A19103F-16F7-4668-BE54-9A1E7A4F7556}") = "02_client", "02_client\02_client.csproj", "{C91D878B-77F6-424F-A6E3-050BAA58B77C}"
EndProject
Project("{9A19103F-16F7-4668-BE54-9A1E7A4F7556}") = "03_server_async", "03_server_async\03_server_async.csproj", "{A1DEAB79-9571-41E5-8686-556F3B6DDDE6}"
EndProject
Project("{9A19103F-16F7-4668-BE54-9A1E7A4F7556}") = "04_server_multi_threads", "04_server_multi_threads\04_server_multi_threads.csproj", "{95B2D580-8391-40F5-8FAA-46D15AB96B9E}"
EndProject
Project("{FAE04EC0-301F-11D3-BF4B-00C04F79EFBC}") = "05_client_with_cycle", "05_client_with_cycle\05_client_with_cycle.csproj", "{5EC8C886-8258-4357-B49E-6CE55F3CB707}"
EndProject
Global
	GlobalSection(SolutionConfigurationPlatforms) = preSolution
		Debug|Any CPU = Debug|Any CPU
		Release|Any CPU = Release|Any CPU
	EndGlobalSection
	GlobalSection(ProjectConfigurationPlatforms) = postSolution
		{B9FACD79-714E-49E6-B4CD-0CBAB76BC856}.Debug|Any CPU.ActiveCfg = Debug|Any CPU
		{B9FACD79-714E-49E6-B4CD-0CBAB76BC856}.Debug|Any CPU.Build.0 = Debug|Any CPU
		{B9FACD79-714E-49E6-B4CD-0CBAB76BC856}.Release|Any CPU.ActiveCfg = Release|Any CPU
		{B9FACD79-714E-49E6-B4CD-0CBAB76BC856}.Release|Any CPU.Build.0 = Release|Any CPU
		{C91D878B-77F6-424F-A6E3-050BAA58B77C}.Debug|Any CPU.ActiveCfg = Debug|Any CPU
		{C91D878B-77F6-424F-A6E3-050BAA58B77C}.Debug|Any CPU.Build.0 = Debug|Any CPU
		{C91D878B-77F6-424F-A6E3-050BAA58B77C}.Release|Any CPU.ActiveCfg = Release|Any CPU
		{C91D878B-77F6-424F-A6E3-050BAA58B77C}.Release|Any CPU.Build.0 = Release|Any CPU
		{A1DEAB79-9571-41E5-8686-556F3B6DDDE6}.Debug|Any CPU.ActiveCfg = Debug|Any CPU
		{A1DEAB79-9571-41E5-8686-556F3B6DDDE6}.Debug|Any CPU.Build.0 = Debug|Any CPU
		{A1DEAB79-9571-41E5-8686-556F3B6DDDE6}.Release|Any CPU.ActiveCfg = Release|Any CPU
		{A1DEAB79-9571-41E5-8686-556F3B6DDDE6}.Release|Any CPU.Build.0 = Release|Any CPU
		{95B2D580-8391-40F5-8FAA-46D15AB96B9E}.Debug|Any CPU.ActiveCfg = Debug|Any CPU
		{95B2D580-8391-40F5-8FAA-46D15AB96B9E}.Debug|Any CPU.Build.0 = Debug|Any CPU
		{95B2D580-8391-40F5-8FAA-46D15AB96B9E}.Release|Any CPU.ActiveCfg = Release|Any CPU
		{95B2D580-8391-40F5-8FAA-46D15AB96B9E}.Release|Any CPU.Build.0 = Release|Any CPU
		{5EC8C886-8258-4357-B49E-6CE55F3CB707}.Debug|Any CPU.ActiveCfg = Debug|Any CPU
		{5EC8C886-8258-4357-B49E-6CE55F3CB707}.Debug|Any CPU.Build.0 = Debug|Any CPU
		{5EC8C886-8258-4357-B49E-6CE55F3CB707}.Release|Any CPU.ActiveCfg = Release|Any CPU
		{5EC8C886-8258-4357-B49E-6CE55F3CB707}.Release|Any CPU.Build.0 = Release|Any CPU
	EndGlobalSection
	GlobalSection(SolutionProperties) = preSolution
		HideSolutionNode = FALSE
	EndGlobalSection
	GlobalSection(ExtensibilityGlobals) = postSolution
		SolutionGuid = {4350D820-E9E6-4A13-ACD2-60C39DBE7507}
	EndGlobalSection
EndGlobal
